// !$*UTF8*$!
{
	archiveVersion = 1;
	classes = {
	};
	objectVersion = 77;
	objects = {

/* Begin PBXBuildFile section */
		BC46AAB62F571DAE009346B0 /* SocketIO in Frameworks */ = {isa = PBXBuildFile; productRef = BC46AAB52F571DAE009346B0 /* SocketIO */; };
		BC46AABC2F57316A009346B0 /* WebRTC in Frameworks */ = {isa = PBXBuildFile; productRef = BC46AABB2F57316A009346B0 /* WebRTC */; };
		BC5FA3BF2F55BD4500D21AF8 /* GoogleSignIn in Frameworks */ = {isa = PBXBuildFile; productRef = BC5FA3BE2F55BD4500D21AF8 /* GoogleSignIn */; };
		BC5FA3C12F55BD4500D21AF8 /* GoogleSignInSwift in Frameworks */ = {isa = PBXBuildFile; productRef = BC5FA3C02F55BD4500D21AF8 /* GoogleSignInSwift */; };
		BC6A439B2F6250BA002EFA54 /* MetalPetal in Frameworks */ = {isa = PBXBuildFile; productRef = BC6A439A2F6250BA002EFA54 /* MetalPetal */; };
		BCE640A32F5CD50000AF7C56 /* Products.storekit in Resources */ = {isa = PBXBuildFile; fileRef = BCE640A22F5CD50000AF7C56 /* Products.storekit */; };
		BCE640A52F5CD7F500AF7C56 /* StoreKitManager.swift in Sources */ = {isa = PBXBuildFile; fileRef = BCE640A42F5CD7F500AF7C56 /* StoreKitManager.swift */; };
		BCE777032F70000100AF7C56 /* RevenueCat in Frameworks */ = {isa = PBXBuildFile; productRef = BCE777022F70000100AF7C56 /* RevenueCat */; };
/* End PBXBuildFile section */

/* Begin PBXFileReference section */
		BCE640A22F5CD50000AF7C56 /* Products.storekit */ = {isa = PBXFileReference; lastKnownFileType = text; path = Products.storekit; sourceTree = "<group>"; };
		BCE640A42F5CD7F500AF7C56 /* StoreKitManager.swift */ = {isa = PBXFileReference; lastKnownFileType = sourcecode.swift; path = StoreKitManager.swift; sourceTree = "<group>"; };
		BCF85AF52F54D5160086A540 /* omegptnative.app */ = {isa = PBXFileReference; explicitFileType = wrapper.application; includeInIndex = 0; path = omegptnative.app; sourceTree = BUILT_PRODUCTS_DIR; };
/* End PBXFileReference section */

/* Begin PBXFileSystemSynchronizedBuildFileExceptionSet section */
		BC5FA3C32F55C6F000D21AF8 /* Exceptions for "omegptnative" folder in "omegptnative" target */ = {
			isa = PBXFileSystemSynchronizedBuildFileExceptionSet;
			membershipExceptions = (
				Info.plist,
			);
			target = BCF85AF42F54D5160086A540 /* omegptnative */;
		};
/* End PBXFileSystemSynchronizedBuildFileExceptionSet section */

/* Begin PBXFileSystemSynchronizedRootGroup section */
		BCF85AF72F54D5160086A540 /* omegptnative */ = {
			isa = PBXFileSystemSynchronizedRootGroup;
			exceptions = (
				BC5FA3C32F55C6F000D21AF8 /* Exceptions for "omegptnative" folder in "omegptnative" target */,
			);
			path = omegptnative;
			sourceTree = "<group>";
		};
/* End PBXFileSystemSynchronizedRootGroup section */

/* Begin PBXFrameworksBuildPhase section */
		BCF85AF22F54D5160086A540 /* Frameworks */ = {
			isa = PBXFrameworksBuildPhase;
			buildActionMask = 2147483647;
			files = (
				BC5FA3BF2F55BD4500D21AF8 /* GoogleSignIn in Frameworks */,
				BC46AABC2F57316A009346B0 /* WebRTC in Frameworks */,
				BC5FA3C12F55BD4500D21AF8 /* GoogleSignInSwift in Frameworks */,
				BC6A439B2F6250BA002EFA54 /* MetalPetal in Frameworks */,
				BCE777032F70000100AF7C56 /* RevenueCat in Frameworks */,
				BC46AAB62F571DAE009346B0 /* SocketIO in Frameworks */,
			);
			runOnlyForDeploymentPostprocessing = 0;
		};
/* End PBXFrameworksBuildPhase section */

/* Begin PBXGroup section */
		BCF85AEC2F54D5160086A540 = {
			isa = PBXGroup;
			children = (
				BCE640A22F5CD50000AF7C56 /* Products.storekit */,
				BCF85AF72F54D5160086A540 /* omegptnative */,
				BCF85AF62F54D5160086A540 /* Products */,
				BCE640A42F5CD7F500AF7C56 /* StoreKitManager.swift */,
			);
			sourceTree = "<group>";
		};
		BCF85AF62F54D5160086A540 /* Products */ = {
			isa = PBXGroup;
			children = (
				BCF85AF52F54D5160086A540 /* omegptnative.app */,
			);
			name = Products;
			sourceTree = "<group>";
		};
/* End PBXGroup section */

/* Begin PBXNativeTarget section */
		BCF85AF42F54D5160086A540 /* omegptnative */ = {
			isa = PBXNativeTarget;
			buildConfigurationList = BCF85B002F54D5160086A540 /* Build configuration list for PBXNativeTarget "omegptnative" */;
			buildPhases = (
				BCF85AF12F54D5160086A540 /* Sources */,
				BCF85AF22F54D5160086A540 /* Frameworks */,
				BCF85AF32F54D5160086A540 /* Resources */,
			);
			buildRules = (
			);
			dependencies = (
			);
			fileSystemSynchronizedGroups = (
				BCF85AF72F54D5160086A540 /* omegptnative */,
			);
			name = omegptnative;
			packageProductDependencies = (
				BC5FA3BE2F55BD4500D21AF8 /* GoogleSignIn */,
				BC5FA3C02F55BD4500D21AF8 /* GoogleSignInSwift */,
				BC46AAB52F571DAE009346B0 /* SocketIO */,
				BC46AABB2F57316A009346B0 /* WebRTC */,
				BC6A439A2F6250BA002EFA54 /* MetalPetal */,
				BCE777022F70000100AF7C56 /* RevenueCat */,
			);
			productName = omegptnative;
			productReference = BCF85AF52F54D5160086A540 /* omegptnative.app */;
			productType = "com.apple.product-type.application";
		};
/* End PBXNativeTarget section */

/* Begin PBXProject section */
		BCF85AED2F54D5160086A540 /* Project object */ = {
			isa = PBXProject;
			attributes = {
				BuildIndependentTargetsInParallel = 1;
				LastSwiftUpdateCheck = 2630;
				LastUpgradeCheck = 2630;
				TargetAttributes = {
					BCF85AF42F54D5160086A540 = {
						CreatedOnToolsVersion = 26.3;
					};
				};
			};
			buildConfigurationList = BCF85AF02F54D5160086A540 /* Build configuration list for PBXProject "omegptnative" */;
			developmentRegion = en;
			hasScannedForEncodings = 0;
			knownRegions = (
				en,
				Base,
			);
			mainGroup = BCF85AEC2F54D5160086A540;
			minimizedProjectReferenceProxies = 1;
			packageReferences = (
				BC5FA3BD2F55BD4500D21AF8 /* XCRemoteSwiftPackageReference "GoogleSignIn-iOS" */,
				BC46AAB42F571DAE009346B0 /* XCRemoteSwiftPackageReference "socket" */,
				BC46AABA2F57316A009346B0 /* XCRemoteSwiftPackageReference "WebRTC" */,
				BC6A43992F6250BA002EFA54 /* XCRemoteSwiftPackageReference "MetalPetal" */,
				BCE777012F70000100AF7C56 /* XCRemoteSwiftPackageReference "purchases-ios-spm" */,
			);
			preferredProjectObjectVersion = 77;
			productRefGroup = BCF85AF62F54D5160086A540 /* Products */;
			projectDirPath = "";
			projectRoot = "";
			targets = (
				BCF85AF42F54D5160086A540 /* omegptnative */,
			);
		};
/* End PBXProject section */

/* Begin PBXResourcesBuildPhase section */
		BCF85AF32F54D5160086A540 /* Resources */ = {
			isa = PBXResourcesBuildPhase;
			buildActionMask = 2147483647;
			files = (
				BCE640A32F5CD50000AF7C56 /* Products.storekit in Resources */,
			);
			runOnlyForDeploymentPostprocessing = 0;
		};
/* End PBXResourcesBuildPhase section */

/* Begin PBXSourcesBuildPhase section */
		BCF85AF12F54D5160086A540 /* Sources */ = {
			isa = PBXSourcesBuildPhase;
			buildActionMask = 2147483647;
			files = (
				BCE640A52F5CD7F500AF7C56 /* StoreKitManager.swift in Sources */,
			);
			runOnlyForDeploymentPostprocessing = 0;
		};
/* End PBXSourcesBuildPhase section */

/* Begin XCBuildConfiguration section */
		BCF85AFE2F54D5160086A540 /* Debug */ = {
			isa = XCBuildConfiguration;
			buildSettings = {
				ALWAYS_SEARCH_USER_PATHS = NO;
				ASSETCATALOG_COMPILER_GENERATE_SWIFT_ASSET_SYMBOL_EXTENSIONS = YES;
				CLANG_ANALYZER_NONNULL = YES;
				CLANG_ANALYZER_NUMBER_OBJECT_CONVERSION = YES_AGGRESSIVE;
				CLANG_CXX_LANGUAGE_STANDARD = "gnu++20";
				CLANG_ENABLE_MODULES = YES;
				CLANG_ENABLE_OBJC_ARC = YES;
				CLANG_ENABLE_OBJC_WEAK = YES;
				CLANG_WARN_BLOCK_CAPTURE_AUTORELEASING = YES;
				CLANG_WARN_BOOL_CONVERSION = YES;
				CLANG_WARN_COMMA = YES;
				CLANG_WARN_CONSTANT_CONVERSION = YES;
				CLANG_WARN_DEPRECATED_OBJC_IMPLEMENTATIONS = YES;
				CLANG_WARN_DIRECT_OBJC_ISA_USAGE = YES_ERROR;
				CLANG_WARN_DOCUMENTATION_COMMENTS = YES;
				CLANG_WARN_EMPTY_BODY = YES;
				CLANG_WARN_ENUM_CONVERSION = YES;
				CLANG_WARN_INFINITE_RECURSION = YES;
				CLANG_WARN_INT_CONVERSION = YES;
				CLANG_WARN_NON_LITERAL_NULL_CONVERSION = YES;
				CLANG_WARN_OBJC_IMPLICIT_RETAIN_SELF = YES;
				CLANG_WARN_OBJC_LITERAL_CONVERSION = YES;
				CLANG_WARN_OBJC_ROOT_CLASS = YES_ERROR;
				CLANG_WARN_QUOTED_INCLUDE_IN_FRAMEWORK_HEADER = YES;
				CLANG_WARN_RANGE_LOOP_ANALYSIS = YES;
				CLANG_WARN_STRICT_PROTOTYPES = YES;
				CLANG_WARN_SUSPICIOUS_MOVE = YES;
				CLANG_WARN_UNGUARDED_AVAILABILITY = YES_AGGRESSIVE;
				CLANG_WARN_UNREACHABLE_CODE = YES;
				CLANG_WARN__DUPLICATE_METHOD_MATCH = YES;
				COPY_PHASE_STRIP = NO;
				DEBUG_INFORMATION_FORMAT = dwarf;
				DEVELOPMENT_TEAM = Q73BEF938W;
				ENABLE_STRICT_OBJC_MSGSEND = YES;
				ENABLE_TESTABILITY = YES;
				ENABLE_USER_SCRIPT_SANDBOXING = YES;
				GCC_C_LANGUAGE_STANDARD = gnu17;
				GCC_DYNAMIC_NO_PIC = NO;
				GCC_NO_COMMON_BLOCKS = YES;
				GCC_OPTIMIZATION_LEVEL = 0;
				GCC_PREPROCESSOR_DEFINITIONS = (
					"DEBUG=1",
					"$(inherited)",
				);
				GCC_WARN_64_TO_32_BIT_CONVERSION = YES;
				GCC_WARN_ABOUT_RETURN_TYPE = YES_ERROR;
				GCC_WARN_UNDECLARED_SELECTOR = YES;
				GCC_WARN_UNINITIALIZED_AUTOS = YES_AGGRESSIVE;
				GCC_WARN_UNUSED_FUNCTION = YES;
				GCC_WARN_UNUSED_VARIABLE = YES;
				IPHONEOS_DEPLOYMENT_TARGET = 26.2;
				LOCALIZATION_PREFERS_STRING_CATALOGS = YES;
				MTL_ENABLE_DEBUG_INFO = INCLUDE_SOURCE;
				MTL_FAST_MATH = YES;
				ONLY_ACTIVE_ARCH = YES;
				SDKROOT = iphoneos;
				SWIFT_ACTIVE_COMPILATION_CONDITIONS = "DEBUG $(inherited)";
				SWIFT_OPTIMIZATION_LEVEL = "-Onone";
			};
			name = Debug;
		};
		BCF85AFF2F54D5160086A540 /* Release */ = {
			isa = XCBuildConfiguration;
			buildSettings = {
				ALWAYS_SEARCH_USER_PATHS = NO;
				ASSETCATALOG_COMPILER_GENERATE_SWIFT_ASSET_SYMBOL_EXTENSIONS = YES;
				CLANG_ANALYZER_NONNULL = YES;
				CLANG_ANALYZER_NUMBER_OBJECT_CONVERSION = YES_AGGRESSIVE;
				CLANG_CXX_LANGUAGE_STANDARD = "gnu++20";
				CLANG_ENABLE_MODULES = YES;
				CLANG_ENABLE_OBJC_ARC = YES;
				CLANG_ENABLE_OBJC_WEAK = YES;
				CLANG_WARN_BLOCK_CAPTURE_AUTORELEASING = YES;
				CLANG_WARN_BOOL_CONVERSION = YES;
				CLANG_WARN_COMMA = YES;
				CLANG_WARN_CONSTANT_CONVERSION = YES;
				CLANG_WARN_DEPRECATED_OBJC_IMPLEMENTATIONS = YES;
				CLANG_WARN_DIRECT_OBJC_ISA_USAGE = YES_ERROR;
				CLANG_WARN_DOCUMENTATION_COMMENTS = YES;
				CLANG_WARN_EMPTY_BODY = YES;
				CLANG_WARN_ENUM_CONVERSION = YES;
				CLANG_WARN_INFINITE_RECURSION = YES;
				CLANG_WARN_INT_CONVERSION = YES;
				CLANG_WARN_NON_LITERAL_NULL_CONVERSION = YES;
				CLANG_WARN_OBJC_IMPLICIT_RETAIN_SELF = YES;
				CLANG_WARN_OBJC_LITERAL_CONVERSION = YES;
				CLANG_WARN_OBJC_ROOT_CLASS = YES_ERROR;
				CLANG_WARN_QUOTED_INCLUDE_IN_FRAMEWORK_HEADER = YES;
				CLANG_WARN_RANGE_LOOP_ANALYSIS = YES;
				CLANG_WARN_STRICT_PROTOTYPES = YES;
				CLANG_WARN_SUSPICIOUS_MOVE = YES;
				CLANG_WARN_UNGUARDED_AVAILABILITY = YES_AGGRESSIVE;
				CLANG_WARN_UNREACHABLE_CODE = YES;
				CLANG_WARN__DUPLICATE_METHOD_MATCH = YES;
				COPY_PHASE_STRIP = NO;
				DEBUG_INFORMATION_FORMAT = "dwarf-with-dsym";
				DEVELOPMENT_TEAM = Q73BEF938W;
				ENABLE_NS_ASSERTIONS = NO;
				ENABLE_STRICT_OBJC_MSGSEND = YES;
				ENABLE_USER_SCRIPT_SANDBOXING = YES;
				GCC_C_LANGUAGE_STANDARD = gnu17;
				GCC_NO_COMMON_BLOCKS = YES;
				GCC_WARN_64_TO_32_BIT_CONVERSION = YES;
				GCC_WARN_ABOUT_RETURN_TYPE = YES_ERROR;
				GCC_WARN_UNDECLARED_SELECTOR = YES;
				GCC_WARN_UNINITIALIZED_AUTOS = YES_AGGRESSIVE;
				GCC_WARN_UNUSED_FUNCTION = YES;
				GCC_WARN_UNUSED_VARIABLE = YES;
				IPHONEOS_DEPLOYMENT_TARGET = 26.2;
				LOCALIZATION_PREFERS_STRING_CATALOGS = YES;
				MTL_ENABLE_DEBUG_INFO = NO;
				MTL_FAST_MATH = YES;
				SDKROOT = iphoneos;
				SWIFT_COMPILATION_MODE = wholemodule;
				VALIDATE_PRODUCT = YES;
			};
			name = Release;
		};
		BCF85B012F54D5160086A540 /* Debug */ = {
			isa = XCBuildConfiguration;
			buildSettings = {
				ASSETCATALOG_COMPILER_APPICON_NAME = AppIcon;
				ASSETCATALOG_COMPILER_GLOBAL_ACCENT_COLOR_NAME = AccentColor;
				CLANG_ALLOW_NON_MODULAR_INCLUDES_IN_FRAMEWORK_MODULES = YES;
				CODE_SIGN_ENTITLEMENTS = omegptnative/omegptnative.entitlements;
				CODE_SIGN_IDENTITY = "Apple Development";
				CODE_SIGN_STYLE = Automatic;
				CURRENT_PROJECT_VERSION = 1;
				DEVELOPMENT_TEAM = 3U4QPG9Q82;
				ENABLE_PREVIEWS = YES;
				GENERATE_INFOPLIST_FILE = YES;
				"HEADER_SEARCH_PATHS[arch=*]" = (
					"$(inherited)",
					"$(SRCROOT)/Pods/WebRTC",
				);
				INFOPLIST_FILE = omegptnative/Info.plist;
				INFOPLIST_KEY_NSCameraUsageDescription = "need camera";
				INFOPLIST_KEY_NSMicrophoneUsageDescription = "need mic";
				INFOPLIST_KEY_UIApplicationSceneManifest_Generation = YES;
				INFOPLIST_KEY_UIApplicationSupportsIndirectInputEvents = YES;
				INFOPLIST_KEY_UILaunchScreen_Generation = YES;
				INFOPLIST_KEY_UISupportedInterfaceOrientations_iPad = "UIInterfaceOrientationPortrait UIInterfaceOrientationPortraitUpsideDown UIInterfaceOrientationLandscapeLeft UIInterfaceOrientationLandscapeRight";
				INFOPLIST_KEY_UISupportedInterfaceOrientations_iPhone = "UIInterfaceOrientationPortrait UIInterfaceOrientationLandscapeLeft UIInterfaceOrientationLandscapeRight";
				LD_RUNPATH_SEARCH_PATHS = (
					"$(inherited)",
					"@executable_path/Frameworks",
				);
				MARKETING_VERSION = 1.0;
				PRODUCT_BUNDLE_IDENTIFIER = com.ahmet.omegptnative;
				PRODUCT_NAME = "$(TARGET_NAME)";
				PROVISIONING_PROFILE_SPECIFIER = "";
				STRING_CATALOG_GENERATE_SYMBOLS = YES;
				SWIFT_APPROACHABLE_CONCURRENCY = YES;
				SWIFT_DEFAULT_ACTOR_ISOLATION = MainActor;
				SWIFT_EMIT_LOC_STRINGS = YES;
				SWIFT_UPCOMING_FEATURE_MEMBER_IMPORT_VISIBILITY = YES;
				SWIFT_VERSION = 5.0;
				TARGETED_DEVICE_FAMILY = "1,2";
			};
			name = Debug;
		};
		BCF85B022F54D5160086A540 /* Release */ = {
			isa = XCBuildConfiguration;
			buildSettings = {
				ASSETCATALOG_COMPILER_APPICON_NAME = AppIcon;
				ASSETCATALOG_COMPILER_GLOBAL_ACCENT_COLOR_NAME = AccentColor;
				CLANG_ALLOW_NON_MODULAR_INCLUDES_IN_FRAMEWORK_MODULES = YES;
				CODE_SIGN_ENTITLEMENTS = omegptnative/omegptnative.entitlements;
				CODE_SIGN_IDENTITY = "Apple Development";
				CODE_SIGN_STYLE = Automatic;
				CURRENT_PROJECT_VERSION = 1;
				DEVELOPMENT_TEAM = 3U4QPG9Q82;
				ENABLE_PREVIEWS = YES;
				GENERATE_INFOPLIST_FILE = YES;
				"HEADER_SEARCH_PATHS[arch=*]" = (
					"$(inherited)",
					"$(SRCROOT)/Pods/WebRTC",
				);
				INFOPLIST_FILE = omegptnative/Info.plist;
				INFOPLIST_KEY_NSCameraUsageDescription = "need camera";
				INFOPLIST_KEY_NSMicrophoneUsageDescription = "need mic";
				INFOPLIST_KEY_UIApplicationSceneManifest_Generation = YES;
				INFOPLIST_KEY_UIApplicationSupportsIndirectInputEvents = YES;
				INFOPLIST_KEY_UILaunchScreen_Generation = YES;
				INFOPLIST_KEY_UISupportedInterfaceOrientations_iPad = "UIInterfaceOrientationPortrait UIInterfaceOrientationPortraitUpsideDown UIInterfaceOrientationLandscapeLeft UIInterfaceOrientationLandscapeRight";
				INFOPLIST_KEY_UISupportedInterfaceOrientations_iPhone = "UIInterfaceOrientationPortrait UIInterfaceOrientationLandscapeLeft UIInterfaceOrientationLandscapeRight";
				LD_RUNPATH_SEARCH_PATHS = (
					"$(inherited)",
					"@executable_path/Frameworks",
				);
				MARKETING_VERSION = 1.0;
				PRODUCT_BUNDLE_IDENTIFIER = com.ahmet.omegptnative;
				PRODUCT_NAME = "$(TARGET_NAME)";
				PROVISIONING_PROFILE_SPECIFIER = "";
				STRING_CATALOG_GENERATE_SYMBOLS = YES;
				SWIFT_APPROACHABLE_CONCURRENCY = YES;
				SWIFT_DEFAULT_ACTOR_ISOLATION = MainActor;
				SWIFT_EMIT_LOC_STRINGS = YES;
				SWIFT_UPCOMING_FEATURE_MEMBER_IMPORT_VISIBILITY = YES;
				SWIFT_VERSION = 5.0;
				TARGETED_DEVICE_FAMILY = "1,2";
			};
			name = Release;
		};
/* End XCBuildConfiguration section */

/* Begin XCConfigurationList section */
		BCF85AF02F54D5160086A540 /* Build configuration list for PBXProject "omegptnative" */ = {
			isa = XCConfigurationList;
			buildConfigurations = (
				BCF85AFE2F54D5160086A540 /* Debug */,
				BCF85AFF2F54D5160086A540 /* Release */,
			);
			defaultConfigurationIsVisible = 0;
			defaultConfigurationName = Release;
		};
		BCF85B002F54D5160086A540 /* Build configuration list for PBXNativeTarget "omegptnative" */ = {
			isa = XCConfigurationList;
			buildConfigurations = (
				BCF85B012F54D5160086A540 /* Debug */,
				BCF85B022F54D5160086A540 /* Release */,
			);
			defaultConfigurationIsVisible = 0;
			defaultConfigurationName = Release;
		};
/* End XCConfigurationList section */

/* Begin XCRemoteSwiftPackageReference section */
		BC46AAB42F571DAE009346B0 /* XCRemoteSwiftPackageReference "socket" */ = {
			isa = XCRemoteSwiftPackageReference;
			repositoryURL = "https://github.com/socketio/socket.io-client-swift";
			requirement = {
				branch = master;
				kind = branch;
			};
		};
		BC46AABA2F57316A009346B0 /* XCRemoteSwiftPackageReference "WebRTC" */ = {
			isa = XCRemoteSwiftPackageReference;
			repositoryURL = "https://github.com/alexpiezo/WebRTC.git";
			requirement = {
				kind = upToNextMajorVersion;
				minimumVersion = 95.4638.0;
			};
		};
		BC5FA3BD2F55BD4500D21AF8 /* XCRemoteSwiftPackageReference "GoogleSignIn-iOS" */ = {
			isa = XCRemoteSwiftPackageReference;
			repositoryURL = "https://github.com/google/GoogleSignIn-iOS";
			requirement = {
				kind = upToNextMajorVersion;
				minimumVersion = 9.1.0;
			};
		};
		BC6A43992F6250BA002EFA54 /* XCRemoteSwiftPackageReference "MetalPetal" */ = {
			isa = XCRemoteSwiftPackageReference;
			repositoryURL = "https://github.com/MetalPetal/MetalPetal";
			requirement = {
				kind = upToNextMajorVersion;
				minimumVersion = 1.25.2;
			};
		};
		BCE777012F70000100AF7C56 /* XCRemoteSwiftPackageReference "purchases-ios-spm" */ = {
			isa = XCRemoteSwiftPackageReference;
			repositoryURL = "https://github.com/RevenueCat/purchases-ios-spm.git";
			requirement = {
				kind = upToNextMajorVersion;
				minimumVersion = 5.0.0;
			};
		};
/* End XCRemoteSwiftPackageReference section */

/* Begin XCSwiftPackageProductDependency section */
		BC46AAB52F571DAE009346B0 /* SocketIO */ = {
			isa = XCSwiftPackageProductDependency;
			package = BC46AAB42F571DAE009346B0 /* XCRemoteSwiftPackageReference "socket" */;
			productName = SocketIO;
		};
		BC46AABB2F57316A009346B0 /* WebRTC */ = {
			isa = XCSwiftPackageProductDependency;
			package = BC46AABA2F57316A009346B0 /* XCRemoteSwiftPackageReference "WebRTC" */;
			productName = WebRTC;
		};
		BC5FA3BE2F55BD4500D21AF8 /* GoogleSignIn */ = {
			isa = XCSwiftPackageProductDependency;
			package = BC5FA3BD2F55BD4500D21AF8 /* XCRemoteSwiftPackageReference "GoogleSignIn-iOS" */;
			productName = GoogleSignIn;
		};
		BC5FA3C02F55BD4500D21AF8 /* GoogleSignInSwift */ = {
			isa = XCSwiftPackageProductDependency;
			package = BC5FA3BD2F55BD4500D21AF8 /* XCRemoteSwiftPackageReference "GoogleSignIn-iOS" */;
			productName = GoogleSignInSwift;
		};
		BC6A439A2F6250BA002EFA54 /* MetalPetal */ = {
			isa = XCSwiftPackageProductDependency;
			package = BC6A43992F6250BA002EFA54 /* XCRemoteSwiftPackageReference "MetalPetal" */;
			productName = MetalPetal;
		};
		BCE777022F70000100AF7C56 /* RevenueCat */ = {
			isa = XCSwiftPackageProductDependency;
			package = BCE777012F70000100AF7C56 /* XCRemoteSwiftPackageReference "purchases-ios-spm" */;
			productName = RevenueCat;
		};
/* End XCSwiftPackageProductDependency section */
	};
	rootObject = BCF85AED2F54D5160086A540 /* Project object */;
}
